// !$*UTF8*$!
{
	archiveVersion = 1;
	classes = {
	};
	objectVersion = 56;
	objects = {

/* Begin PBXBuildFile section */
		9F5F11CE2C2A783500D9856D /* UIView+Extentions.swift in Sources */ = {isa = PBXBuildFile; fileRef = 9F5F11CD2C2A783500D9856D /* UIView+Extentions.swift */; };
		9F5F11D32C2ADF7A00D9856D /* Blur.swift in Sources */ = {isa = PBXBuildFile; fileRef = 9F5F11D22C2ADF7A00D9856D /* Blur.swift */; };
		9F655C0C2C29538700368F45 /* FloatingTextFieldView.swift in Sources */ = {isa = PBXBuildFile; fileRef = 9F655C0B2C29538700368F45 /* FloatingTextFieldView.swift */; };
		9F655C0F2C29558300368F45 /* LoginView.swift in Sources */ = {isa = PBXBuildFile; fileRef = 9F655C0E2C29558300368F45 /* LoginView.swift */; };
		9F655C112C298A7800368F45 /* GradientButton.swift in Sources */ = {isa = PBXBuildFile; fileRef = 9F655C102C298A7800368F45 /* GradientButton.swift */; };
		9FA4B67A2C1AF4BF004F3208 /* MockData.swift in Sources */ = {isa = PBXBuildFile; fileRef = 9FA4B6792C1AF4BF004F3208 /* MockData.swift */; };
		9FA4B67C2C1AF725004F3208 /* FrameworkTitleView.swift in Sources */ = {isa = PBXBuildFile; fileRef = 9FA4B67B2C1AF725004F3208 /* FrameworkTitleView.swift */; };
		9FA4B67F2C1AFF43004F3208 /* XDismissButton.swift in Sources */ = {isa = PBXBuildFile; fileRef = 9FA4B67E2C1AFF43004F3208 /* XDismissButton.swift */; };
		9FA4B6812C1AFF73004F3208 /* AFButton.swift in Sources */ = {isa = PBXBuildFile; fileRef = 9FA4B6802C1AFF73004F3208 /* AFButton.swift */; };
		9FA4B6852C1B0065004F3208 /* FrameworkGridViewModel.swift in Sources */ = {isa = PBXBuildFile; fileRef = 9FA4B6842C1B0065004F3208 /* FrameworkGridViewModel.swift */; };
		9FA4B68A2C1B00B1004F3208 /* FrameworkGridView.swift in Sources */ = {isa = PBXBuildFile; fileRef = 9FA4B6892C1B00B1004F3208 /* FrameworkGridView.swift */; };
		9FA4B68E2C1B00F8004F3208 /* FrameworkDetailView.swift in Sources */ = {isa = PBXBuildFile; fileRef = 9FA4B68D2C1B00F8004F3208 /* FrameworkDetailView.swift */; };
		9FA4B6902C1B0125004F3208 /* SafariView.swift in Sources */ = {isa = PBXBuildFile; fileRef = 9FA4B68F2C1B0125004F3208 /* SafariView.swift */; };
		9FC75A902C1964C90088E198 /* BasicSwiftUIApp.swift in Sources */ = {isa = PBXBuildFile; fileRef = 9FC75A8F2C1964C90088E198 /* BasicSwiftUIApp.swift */; };
		9FC75A922C1964C90088E198 /* ContentView.swift in Sources */ = {isa = PBXBuildFile; fileRef = 9FC75A912C1964C90088E198 /* ContentView.swift */; };
		9FC75A942C1964CA0088E198 /* Assets.xcassets in Resources */ = {isa = PBXBuildFile; fileRef = 9FC75A932C1964CA0088E198 /* Assets.xcassets */; };
		9FC75A972C1964CA0088E198 /* Preview Assets.xcassets in Resources */ = {isa = PBXBuildFile; fileRef = 9FC75A962C1964CA0088E198 /* Preview Assets.xcassets */; };
		9FC75AA12C1964CA0088E198 /* BasicSwiftUITests.swift in Sources */ = {isa = PBXBuildFile; fileRef = 9FC75AA02C1964CA0088E198 /* BasicSwiftUITests.swift */; };
		9FC75AAB2C1964CA0088E198 /* BasicSwiftUIUITests.swift in Sources */ = {isa = PBXBuildFile; fileRef = 9FC75AAA2C1964CA0088E198 /* BasicSwiftUIUITests.swift */; };
		9FC75AAD2C1964CA0088E198 /* BasicSwiftUIUITestsLaunchTests.swift in Sources */ = {isa = PBXBuildFile; fileRef = 9FC75AAC2C1964CA0088E198 /* BasicSwiftUIUITestsLaunchTests.swift */; };
/* End PBXBuildFile section */

/* Begin PBXContainerItemProxy section */
		9FC75A9D2C1964CA0088E198 /* PBXContainerItemProxy */ = {
			isa = PBXContainerItemProxy;
			containerPortal = 9FC75A842C1964C90088E198 /* Project object */;
			proxyType = 1;
			remoteGlobalIDString = 9FC75A8B2C1964C90088E198;
			remoteInfo = BasicSwiftUI;
		};
		9FC75AA72C1964CA0088E198 /* PBXContainerItemProxy */ = {
			isa = PBXContainerItemProxy;
			containerPortal = 9FC75A842C1964C90088E198 /* Project object */;
			proxyType = 1;
			remoteGlobalIDString = 9FC75A8B2C1964C90088E198;
			remoteInfo = BasicSwiftUI;
		};
/* End PBXContainerItemProxy section */

/* Begin PBXFileReference section */
		9F5F11CD2C2A783500D9856D /* UIView+Extentions.swift */ = {isa = PBXFileReference; lastKnownFileType = sourcecode.swift; path = "UIView+Extentions.swift"; sourceTree = "<group>"; };
		9F5F11D22C2ADF7A00D9856D /* Blur.swift */ = {isa = PBXFileReference; lastKnownFileType = sourcecode.swift; path = Blur.swift; sourceTree = "<group>"; };
		9F655C0B2C29538700368F45 /* FloatingTextFieldView.swift */ = {isa = PBXFileReference; lastKnownFileType = sourcecode.swift; path = FloatingTextFieldView.swift; sourceTree = "<group>"; };
		9F655C0E2C29558300368F45 /* LoginView.swift */ = {isa = PBXFileReference; lastKnownFileType = sourcecode.swift; path = LoginView.swift; sourceTree = "<group>"; };
		9F655C102C298A7800368F45 /* GradientButton.swift */ = {isa = PBXFileReference; lastKnownFileType = sourcecode.swift; path = GradientButton.swift; sourceTree = "<group>"; };
		9FA4B6792C1AF4BF004F3208 /* MockData.swift */ = {isa = PBXFileReference; fileEncoding = 4; lastKnownFileType = sourcecode.swift; path = MockData.swift; sourceTree = "<group>"; };
		9FA4B67B2C1AF725004F3208 /* FrameworkTitleView.swift */ = {isa = PBXFileReference; lastKnownFileType = sourcecode.swift; path = FrameworkTitleView.swift; sourceTree = "<group>"; };
		9FA4B67E2C1AFF43004F3208 /* XDismissButton.swift */ = {isa = PBXFileReference; lastKnownFileType = sourcecode.swift; path = XDismissButton.swift; sourceTree = "<group>"; };
		9FA4B6802C1AFF73004F3208 /* AFButton.swift */ = {isa = PBXFileReference; lastKnownFileType = sourcecode.swift; path = AFButton.swift; sourceTree = "<group>"; };
		9FA4B6842C1B0065004F3208 /* FrameworkGridViewModel.swift */ = {isa = PBXFileReference; lastKnownFileType = sourcecode.swift; path = FrameworkGridViewModel.swift; sourceTree = "<group>"; };
		9FA4B6892C1B00B1004F3208 /* FrameworkGridView.swift */ = {isa = PBXFileReference; lastKnownFileType = sourcecode.swift; path = FrameworkGridView.swift; sourceTree = "<group>"; };
		9FA4B68D2C1B00F8004F3208 /* FrameworkDetailView.swift */ = {isa = PBXFileReference; lastKnownFileType = sourcecode.swift; path = FrameworkDetailView.swift; sourceTree = "<group>"; };
		9FA4B68F2C1B0125004F3208 /* SafariView.swift */ = {isa = PBXFileReference; lastKnownFileType = sourcecode.swift; path = SafariView.swift; sourceTree = "<group>"; };
		9FC75A8C2C1964C90088E198 /* BasicSwiftUI.app */ = {isa = PBXFileReference; explicitFileType = wrapper.application; includeInIndex = 0; path = BasicSwiftUI.app; sourceTree = BUILT_PRODUCTS_DIR; };
		9FC75A8F2C1964C90088E198 /* BasicSwiftUIApp.swift */ = {isa = PBXFileReference; lastKnownFileType = sourcecode.swift; path = BasicSwiftUIApp.swift; sourceTree = "<group>"; };
		9FC75A912C1964C90088E198 /* ContentView.swift */ = {isa = PBXFileReference; lastKnownFileType = sourcecode.swift; path = ContentView.swift; sourceTree = "<group>"; };
		9FC75A932C1964CA0088E198 /* Assets.xcassets */ = {isa = PBXFileReference; lastKnownFileType = folder.assetcatalog; path = Assets.xcassets; sourceTree = "<group>"; };
		9FC75A962C1964CA0088E198 /* Preview Assets.xcassets */ = {isa = PBXFileReference; lastKnownFileType = folder.assetcatalog; path = "Preview Assets.xcassets"; sourceTree = "<group>"; };
		9FC75A9C2C1964CA0088E198 /* BasicSwiftUITests.xctest */ = {isa = PBXFileReference; explicitFileType = wrapper.cfbundle; includeInIndex = 0; path = BasicSwiftUITests.xctest; sourceTree = BUILT_PRODUCTS_DIR; };
		9FC75AA02C1964CA0088E198 /* BasicSwiftUITests.swift */ = {isa = PBXFileReference; lastKnownFileType = sourcecode.swift; path = BasicSwiftUITests.swift; sourceTree = "<group>"; };
		9FC75AA62C1964CA0088E198 /* BasicSwiftUIUITests.xctest */ = {isa = PBXFileReference; explicitFileType = wrapper.cfbundle; includeInIndex = 0; path = BasicSwiftUIUITests.xctest; sourceTree = BUILT_PRODUCTS_DIR; };
		9FC75AAA2C1964CA0088E198 /* BasicSwiftUIUITests.swift */ = {isa = PBXFileReference; lastKnownFileType = sourcecode.swift; path = BasicSwiftUIUITests.swift; sourceTree = "<group>"; };
		9FC75AAC2C1964CA0088E198 /* BasicSwiftUIUITestsLaunchTests.swift */ = {isa = PBXFileReference; lastKnownFileType = sourcecode.swift; path = BasicSwiftUIUITestsLaunchTests.swift; sourceTree = "<group>"; };
/* End PBXFileReference section */

/* Begin PBXFrameworksBuildPhase section */
		9FC75A892C1964C90088E198 /* Frameworks */ = {
			isa = PBXFrameworksBuildPhase;
			buildActionMask = 2147483647;
			files = (
			);
			runOnlyForDeploymentPostprocessing = 0;
		};
		9FC75A992C1964CA0088E198 /* Frameworks */ = {
			isa = PBXFrameworksBuildPhase;
			buildActionMask = 2147483647;
			files = (
			);
			runOnlyForDeploymentPostprocessing = 0;
		};
		9FC75AA32C1964CA0088E198 /* Frameworks */ = {
			isa = PBXFrameworksBuildPhase;
			buildActionMask = 2147483647;
			files = (
			);
			runOnlyForDeploymentPostprocessing = 0;
		};
/* End PBXFrameworksBuildPhase section */

/* Begin PBXGroup section */
		9F5F11CC2C2A781900D9856D /* Extentions */ = {
			isa = PBXGroup;
			children = (
				9F5F11CD2C2A783500D9856D /* UIView+Extentions.swift */,
				9F5F11D22C2ADF7A00D9856D /* Blur.swift */,
			);
			path = Extentions;
			sourceTree = "<group>";
		};
		9F655C0D2C29556300368F45 /* Login */ = {
			isa = PBXGroup;
			children = (
				9F655C0E2C29558300368F45 /* LoginView.swift */,
			);
			path = Login;
			sourceTree = "<group>";
		};
		9FA4B6772C1ABD05004F3208 /* Source */ = {
			isa = PBXGroup;
			children = (
				9F655C0D2C29556300368F45 /* Login */,
				9FA4B6832C1AFFFF004F3208 /* Views */,
				9FA4B6822C1AFF8E004F3208 /* Apple-Framewoks */,
				9FA4B67D2C1AFF26004F3208 /* Buttons */,
				9FA4B6782C1ABD0F004F3208 /* WeatherApp */,
			);
			path = Source;
			sourceTree = "<group>";
		};
		9FA4B6782C1ABD0F004F3208 /* WeatherApp */ = {
			isa = PBXGroup;
			children = (
			);
			path = WeatherApp;
			sourceTree = "<group>";
		};
		9FA4B67D2C1AFF26004F3208 /* Buttons */ = {
			isa = PBXGroup;
			children = (
				9FA4B67E2C1AFF43004F3208 /* XDismissButton.swift */,
				9FA4B6802C1AFF73004F3208 /* AFButton.swift */,
			);
			path = Buttons;
			sourceTree = "<group>";
		};
		9FA4B6822C1AFF8E004F3208 /* Apple-Framewoks */ = {
			isa = PBXGroup;
			children = (
				9FA4B6882C1B0084004F3208 /* View */,
				9FA4B6872C1B007F004F3208 /* Model */,
				9FA4B6862C1B0077004F3208 /* ViewModel */,
			);
			path = "Apple-Framewoks";
			sourceTree = "<group>";
		};
		9FA4B6832C1AFFFF004F3208 /* Views */ = {
			isa = PBXGroup;
			children = (
				9FA4B67B2C1AF725004F3208 /* FrameworkTitleView.swift */,
				9FA4B68F2C1B0125004F3208 /* SafariView.swift */,
				9F655C0B2C29538700368F45 /* FloatingTextFieldView.swift */,
				9F655C102C298A7800368F45 /* GradientButton.swift */,
			);
			path = Views;
			sourceTree = "<group>";
		};
		9FA4B6862C1B0077004F3208 /* ViewModel */ = {
			isa = PBXGroup;
			children = (
				9FA4B6842C1B0065004F3208 /* FrameworkGridViewModel.swift */,
			);
			path = ViewModel;
			sourceTree = "<group>";
		};
		9FA4B6872C1B007F004F3208 /* Model */ = {
			isa = PBXGroup;
			children = (
				9FA4B6792C1AF4BF004F3208 /* MockData.swift */,
			);
			path = Model;
			sourceTree = "<group>";
		};
		9FA4B6882C1B0084004F3208 /* View */ = {
			isa = PBXGroup;
			children = (
				9FA4B6892C1B00B1004F3208 /* FrameworkGridView.swift */,
				9FA4B68B2C1B00E3004F3208 /* FrameworkDetailView */,
			);
			path = View;
			sourceTree = "<group>";
		};
		9FA4B68B2C1B00E3004F3208 /* FrameworkDetailView */ = {
			isa = PBXGroup;
			children = (
				9FA4B68D2C1B00F8004F3208 /* FrameworkDetailView.swift */,
			);
			path = FrameworkDetailView;
			sourceTree = "<group>";
		};
		9FC75A832C1964C90088E198 = {
			isa = PBXGroup;
			children = (
				9FC75A8E2C1964C90088E198 /* BasicSwiftUI */,
				9FC75A9F2C1964CA0088E198 /* BasicSwiftUITests */,
				9FC75AA92C1964CA0088E198 /* BasicSwiftUIUITests */,
				9FC75A8D2C1964C90088E198 /* Products */,
			);
			sourceTree = "<group>";
		};
		9FC75A8D2C1964C90088E198 /* Products */ = {
			isa = PBXGroup;
			children = (
				9FC75A8C2C1964C90088E198 /* BasicSwiftUI.app */,
				9FC75A9C2C1964CA0088E198 /* BasicSwiftUITests.xctest */,
				9FC75AA62C1964CA0088E198 /* BasicSwiftUIUITests.xctest */,
			);
			name = Products;
			sourceTree = "<group>";
		};
		9FC75A8E2C1964C90088E198 /* BasicSwiftUI */ = {
			isa = PBXGroup;
			children = (
				9F5F11CC2C2A781900D9856D /* Extentions */,
				9FC75A8F2C1964C90088E198 /* BasicSwiftUIApp.swift */,
				9FC75A912C1964C90088E198 /* ContentView.swift */,
				9FA4B6772C1ABD05004F3208 /* Source */,
				9FC75A932C1964CA0088E198 /* Assets.xcassets */,
				9FC75A952C1964CA0088E198 /* Preview Content */,
			);
			path = BasicSwiftUI;
			sourceTree = "<group>";
		};
		9FC75A952C1964CA0088E198 /* Preview Content */ = {
			isa = PBXGroup;
			children = (
				9FC75A962C1964CA0088E198 /* Preview Assets.xcassets */,
			);
			path = "Preview Content";
			sourceTree = "<group>";
		};
		9FC75A9F2C1964CA0088E198 /* BasicSwiftUITests */ = {
			isa = PBXGroup;
			children = (
				9FC75AA02C1964CA0088E198 /* BasicSwiftUITests.swift */,
			);
			path = BasicSwiftUITests;
			sourceTree = "<group>";
		};
		9FC75AA92C1964CA0088E198 /* BasicSwiftUIUITests */ = {
			isa = PBXGroup;
			children = (
				9FC75AAA2C1964CA0088E198 /* BasicSwiftUIUITests.swift */,
				9FC75AAC2C1964CA0088E198 /* BasicSwiftUIUITestsLaunchTests.swift */,
			);
			path = BasicSwiftUIUITests;
			sourceTree = "<group>";
		};
/* End PBXGroup section */

/* Begin PBXNativeTarget section */
		9FC75A8B2C1964C90088E198 /* BasicSwiftUI */ = {
			isa = PBXNativeTarget;
			buildConfigurationList = 9FC75AB02C1964CA0088E198 /* Build configuration list for PBXNativeTarget "BasicSwiftUI" */;
			buildPhases = (
				9FC75A882C1964C90088E198 /* Sources */,
				9FC75A892C1964C90088E198 /* Frameworks */,
				9FC75A8A2C1964C90088E198 /* Resources */,
			);
			buildRules = (
			);
			dependencies = (
			);
			name = BasicSwiftUI;
			productName = BasicSwiftUI;
			productReference = 9FC75A8C2C1964C90088E198 /* BasicSwiftUI.app */;
			productType = "com.apple.product-type.application";
		};
		9FC75A9B2C1964CA0088E198 /* BasicSwiftUITests */ = {
			isa = PBXNativeTarget;
			buildConfigurationList = 9FC75AB32C1964CA0088E198 /* Build configuration list for PBXNativeTarget "BasicSwiftUITests" */;
			buildPhases = (
				9FC75A982C1964CA0088E198 /* Sources */,
				9FC75A992C1964CA0088E198 /* Frameworks */,
				9FC75A9A2C1964CA0088E198 /* Resources */,
			);
			buildRules = (
			);
			dependencies = (
				9FC75A9E2C1964CA0088E198 /* PBXTargetDependency */,
			);
			name = BasicSwiftUITests;
			productName = BasicSwiftUITests;
			productReference = 9FC75A9C2C1964CA0088E198 /* BasicSwiftUITests.xctest */;
			productType = "com.apple.product-type.bundle.unit-test";
		};
		9FC75AA52C1964CA0088E198 /* BasicSwiftUIUITests */ = {
			isa = PBXNativeTarget;
			buildConfigurationList = 9FC75AB62C1964CA0088E198 /* Build configuration list for PBXNativeTarget "BasicSwiftUIUITests" */;
			buildPhases = (
				9FC75AA22C1964CA0088E198 /* Sources */,
				9FC75AA32C1964CA0088E198 /* Frameworks */,
				9FC75AA42C1964CA0088E198 /* Resources */,
			);
			buildRules = (
			);
			dependencies = (
				9FC75AA82C1964CA0088E198 /* PBXTargetDependency */,
			);
			name = BasicSwiftUIUITests;
			productName = BasicSwiftUIUITests;
			productReference = 9FC75AA62C1964CA0088E198 /* BasicSwiftUIUITests.xctest */;
			productType = "com.apple.product-type.bundle.ui-testing";
		};
/* End PBXNativeTarget section */

/* Begin PBXProject section */
		9FC75A842C1964C90088E198 /* Project object */ = {
			isa = PBXProject;
			attributes = {
				BuildIndependentTargetsInParallel = 1;
				LastSwiftUpdateCheck = 1540;
				LastUpgradeCheck = 1540;
				TargetAttributes = {
					9FC75A8B2C1964C90088E198 = {
						CreatedOnToolsVersion = 15.4;
					};
					9FC75A9B2C1964CA0088E198 = {
						CreatedOnToolsVersion = 15.4;
						TestTargetID = 9FC75A8B2C1964C90088E198;
					};
					9FC75AA52C1964CA0088E198 = {
						CreatedOnToolsVersion = 15.4;
						TestTargetID = 9FC75A8B2C1964C90088E198;
					};
				};
			};
			buildConfigurationList = 9FC75A872C1964C90088E198 /* Build configuration list for PBXProject "BasicSwiftUI" */;
			compatibilityVersion = "Xcode 14.0";
			developmentRegion = en;
			hasScannedForEncodings = 0;
			knownRegions = (
				en,
				Base,
			);
			mainGroup = 9FC75A832C1964C90088E198;
			productRefGroup = 9FC75A8D2C1964C90088E198 /* Products */;
			projectDirPath = "";
			projectRoot = "";
			targets = (
				9FC75A8B2C1964C90088E198 /* BasicSwiftUI */,
				9FC75A9B2C1964CA0088E198 /* BasicSwiftUITests */,
				9FC75AA52C1964CA0088E198 /* BasicSwiftUIUITests */,
			);
		};
/* End PBXProject section */

/* Begin PBXResourcesBuildPhase section */
		9FC75A8A2C1964C90088E198 /* Resources */ = {
			isa = PBXResourcesBuildPhase;
			buildActionMask = 2147483647;
			files = (
				9FC75A972C1964CA0088E198 /* Preview Assets.xcassets in Resources */,
				9FC75A942C1964CA0088E198 /* Assets.xcassets in Resources */,
			);
			runOnlyForDeploymentPostprocessing = 0;
		};
		9FC75A9A2C1964CA0088E198 /* Resources */ = {
			isa = PBXResourcesBuildPhase;
			buildActionMask = 2147483647;
			files = (
			);
			runOnlyForDeploymentPostprocessing = 0;
		};
		9FC75AA42C1964CA0088E198 /* Resources */ = {
			isa = PBXResourcesBuildPhase;
			buildActionMask = 2147483647;
			files = (
			);
			runOnlyForDeploymentPostprocessing = 0;
		};
/* End PBXResourcesBuildPhase section */

/* Begin PBXSourcesBuildPhase section */
		9FC75A882C1964C90088E198 /* Sources */ = {
			isa = PBXSourcesBuildPhase;
			buildActionMask = 2147483647;
			files = (
				9FA4B67C2C1AF725004F3208 /* FrameworkTitleView.swift in Sources */,
				9FA4B68A2C1B00B1004F3208 /* FrameworkGridView.swift in Sources */,
				9FC75A922C1964C90088E198 /* ContentView.swift in Sources */,
				9F5F11CE2C2A783500D9856D /* UIView+Extentions.swift in Sources */,
				9FA4B67A2C1AF4BF004F3208 /* MockData.swift in Sources */,
				9FA4B6902C1B0125004F3208 /* SafariView.swift in Sources */,
				9FC75A902C1964C90088E198 /* BasicSwiftUIApp.swift in Sources */,
				9F655C0F2C29558300368F45 /* LoginView.swift in Sources */,
				9FA4B6812C1AFF73004F3208 /* AFButton.swift in Sources */,
				9FA4B6852C1B0065004F3208 /* FrameworkGridViewModel.swift in Sources */,
				9FA4B67F2C1AFF43004F3208 /* XDismissButton.swift in Sources */,
				9F655C112C298A7800368F45 /* GradientButton.swift in Sources */,
				9F5F11D32C2ADF7A00D9856D /* Blur.swift in Sources */,
				9FA4B68E2C1B00F8004F3208 /* FrameworkDetailView.swift in Sources */,
				9F655C0C2C29538700368F45 /* FloatingTextFieldView.swift in Sources */,
			);
			runOnlyForDeploymentPostprocessing = 0;
		};
		9FC75A982C1964CA0088E198 /* Sources */ = {
			isa = PBXSourcesBuildPhase;
			buildActionMask = 2147483647;
			files = (
				9FC75AA12C1964CA0088E198 /* BasicSwiftUITests.swift in Sources */,
			);
			runOnlyForDeploymentPostprocessing = 0;
		};
		9FC75AA22C1964CA0088E198 /* Sources */ = {
			isa = PBXSourcesBuildPhase;
			buildActionMask = 2147483647;
			files = (
				9FC75AAB2C1964CA0088E198 /* BasicSwiftUIUITests.swift in Sources */,
				9FC75AAD2C1964CA0088E198 /* BasicSwiftUIUITestsLaunchTests.swift in Sources */,
			);
			runOnlyForDeploymentPostprocessing = 0;
		};
/* End PBXSourcesBuildPhase section */

/* Begin PBXTargetDependency section */
		9FC75A9E2C1964CA0088E198 /* PBXTargetDependency */ = {
			isa = PBXTargetDependency;
			target = 9FC75A8B2C1964C90088E198 /* BasicSwiftUI */;
			targetProxy = 9FC75A9D2C1964CA0088E198 /* PBXContainerItemProxy */;
		};
		9FC75AA82C1964CA0088E198 /* PBXTargetDependency */ = {
			isa = PBXTargetDependency;
			target = 9FC75A8B2C1964C90088E198 /* BasicSwiftUI */;
			targetProxy = 9FC75AA72C1964CA0088E198 /* PBXContainerItemProxy */;
		};
/* End PBXTargetDependency section */

/* Begin XCBuildConfiguration section */
		9FC75AAE2C1964CA0088E198 /* Debug */ = {
			isa = XCBuildConfiguration;
			buildSettings = {
				ALWAYS_SEARCH_USER_PATHS = NO;
				ASSETCATALOG_COMPILER_GENERATE_SWIFT_ASSET_SYMBOL_EXTENSIONS = YES;
				CLANG_ANALYZER_NONNULL = YES;
				CLANG_ANALYZER_NUMBER_OBJECT_CONVERSION = YES_AGGRESSIVE;
				CLANG_CXX_LANGUAGE_STANDARD = "gnu++20";
				CLANG_ENABLE_MODULES = YES;
				CLANG_ENABLE_OBJC_ARC = YES;
				CLANG_ENABLE_OBJC_WEAK = YES;
				CLANG_WARN_BLOCK_CAPTURE_AUTORELEASING = YES;
				CLANG_WARN_BOOL_CONVERSION = YES;
				CLANG_WARN_COMMA = YES;
				CLANG_WARN_CONSTANT_CONVERSION = YES;
				CLANG_WARN_DEPRECATED_OBJC_IMPLEMENTATIONS = YES;
				CLANG_WARN_DIRECT_OBJC_ISA_USAGE = YES_ERROR;
				CLANG_WARN_DOCUMENTATION_COMMENTS = YES;
				CLANG_WARN_EMPTY_BODY = YES;
				CLANG_WARN_ENUM_CONVERSION = YES;
				CLANG_WARN_INFINITE_RECURSION = YES;
				CLANG_WARN_INT_CONVERSION = YES;
				CLANG_WARN_NON_LITERAL_NULL_CONVERSION = YES;
				CLANG_WARN_OBJC_IMPLICIT_RETAIN_SELF = YES;
				CLANG_WARN_OBJC_LITERAL_CONVERSION = YES;
				CLANG_WARN_OBJC_ROOT_CLASS = YES_ERROR;
				CLANG_WARN_QUOTED_INCLUDE_IN_FRAMEWORK_HEADER = YES;
				CLANG_WARN_RANGE_LOOP_ANALYSIS = YES;
				CLANG_WARN_STRICT_PROTOTYPES = YES;
				CLANG_WARN_SUSPICIOUS_MOVE = YES;
				CLANG_WARN_UNGUARDED_AVAILABILITY = YES_AGGRESSIVE;
				CLANG_WARN_UNREACHABLE_CODE = YES;
				CLANG_WARN__DUPLICATE_METHOD_MATCH = YES;
				COPY_PHASE_STRIP = NO;
				DEBUG_INFORMATION_FORMAT = dwarf;
				ENABLE_STRICT_OBJC_MSGSEND = YES;
				ENABLE_TESTABILITY = YES;
				ENABLE_USER_SCRIPT_SANDBOXING = YES;
				GCC_C_LANGUAGE_STANDARD = gnu17;
				GCC_DYNAMIC_NO_PIC = NO;
				GCC_NO_COMMON_BLOCKS = YES;
				GCC_OPTIMIZATION_LEVEL = 0;
				GCC_PREPROCESSOR_DEFINITIONS = (
					"DEBUG=1",
					"$(inherited)",
				);
				GCC_WARN_64_TO_32_BIT_CONVERSION = YES;
				GCC_WARN_ABOUT_RETURN_TYPE = YES_ERROR;
				GCC_WARN_UNDECLARED_SELECTOR = YES;
				GCC_WARN_UNINITIALIZED_AUTOS = YES_AGGRESSIVE;
				GCC_WARN_UNUSED_FUNCTION = YES;
				GCC_WARN_UNUSED_VARIABLE = YES;
				IPHONEOS_DEPLOYMENT_TARGET = 17.5;
				LOCALIZATION_PREFERS_STRING_CATALOGS = YES;
				MTL_ENABLE_DEBUG_INFO = INCLUDE_SOURCE;
				MTL_FAST_MATH = YES;
				ONLY_ACTIVE_ARCH = YES;
				SDKROOT = iphoneos;
				SWIFT_ACTIVE_COMPILATION_CONDITIONS = "DEBUG $(inherited)";
				SWIFT_OPTIMIZATION_LEVEL = "-Onone";
			};
			name = Debug;
		};
		9FC75AAF2C1964CA0088E198 /* Release */ = {
			isa = XCBuildConfiguration;
			buildSettings = {
				ALWAYS_SEARCH_USER_PATHS = NO;
				ASSETCATALOG_COMPILER_GENERATE_SWIFT_ASSET_SYMBOL_EXTENSIONS = YES;
				CLANG_ANALYZER_NONNULL = YES;
				CLANG_ANALYZER_NUMBER_OBJECT_CONVERSION = YES_AGGRESSIVE;
				CLANG_CXX_LANGUAGE_STANDARD = "gnu++20";
				CLANG_ENABLE_MODULES = YES;
				CLANG_ENABLE_OBJC_ARC = YES;
				CLANG_ENABLE_OBJC_WEAK = YES;
				CLANG_WARN_BLOCK_CAPTURE_AUTORELEASING = YES;
				CLANG_WARN_BOOL_CONVERSION = YES;
				CLANG_WARN_COMMA = YES;
				CLANG_WARN_CONSTANT_CONVERSION = YES;
				CLANG_WARN_DEPRECATED_OBJC_IMPLEMENTATIONS = YES;
				CLANG_WARN_DIRECT_OBJC_ISA_USAGE = YES_ERROR;
				CLANG_WARN_DOCUMENTATION_COMMENTS = YES;
				CLANG_WARN_EMPTY_BODY = YES;
				CLANG_WARN_ENUM_CONVERSION = YES;
				CLANG_WARN_INFINITE_RECURSION = YES;
				CLANG_WARN_INT_CONVERSION = YES;
				CLANG_WARN_NON_LITERAL_NULL_CONVERSION = YES;
				CLANG_WARN_OBJC_IMPLICIT_RETAIN_SELF = YES;
				CLANG_WARN_OBJC_LITERAL_CONVERSION = YES;
				CLANG_WARN_OBJC_ROOT_CLASS = YES_ERROR;
				CLANG_WARN_QUOTED_INCLUDE_IN_FRAMEWORK_HEADER = YES;
				CLANG_WARN_RANGE_LOOP_ANALYSIS = YES;
				CLANG_WARN_STRICT_PROTOTYPES = YES;
				CLANG_WARN_SUSPICIOUS_MOVE = YES;
				CLANG_WARN_UNGUARDED_AVAILABILITY = YES_AGGRESSIVE;
				CLANG_WARN_UNREACHABLE_CODE = YES;
				CLANG_WARN__DUPLICATE_METHOD_MATCH = YES;
				COPY_PHASE_STRIP = NO;
				DEBUG_INFORMATION_FORMAT = "dwarf-with-dsym";
				ENABLE_NS_ASSERTIONS = NO;
				ENABLE_STRICT_OBJC_MSGSEND = YES;
				ENABLE_USER_SCRIPT_SANDBOXING = YES;
				GCC_C_LANGUAGE_STANDARD = gnu17;
				GCC_NO_COMMON_BLOCKS = YES;
				GCC_WARN_64_TO_32_BIT_CONVERSION = YES;
				GCC_WARN_ABOUT_RETURN_TYPE = YES_ERROR;
				GCC_WARN_UNDECLARED_SELECTOR = YES;
				GCC_WARN_UNINITIALIZED_AUTOS = YES_AGGRESSIVE;
				GCC_WARN_UNUSED_FUNCTION = YES;
				GCC_WARN_UNUSED_VARIABLE = YES;
				IPHONEOS_DEPLOYMENT_TARGET = 17.5;
				LOCALIZATION_PREFERS_STRING_CATALOGS = YES;
				MTL_ENABLE_DEBUG_INFO = NO;
				MTL_FAST_MATH = YES;
				SDKROOT = iphoneos;
				SWIFT_COMPILATION_MODE = wholemodule;
				VALIDATE_PRODUCT = YES;
			};
			name = Release;
		};
		9FC75AB12C1964CA0088E198 /* Debug */ = {
			isa = XCBuildConfiguration;
			buildSettings = {
				ASSETCATALOG_COMPILER_APPICON_NAME = AppIcon;
				ASSETCATALOG_COMPILER_GLOBAL_ACCENT_COLOR_NAME = AccentColor;
				CODE_SIGN_STYLE = Automatic;
				CURRENT_PROJECT_VERSION = 1;
				DEVELOPMENT_ASSET_PATHS = "\"BasicSwiftUI/Preview Content\"";
				DEVELOPMENT_TEAM = 979PG3MW97;
				ENABLE_PREVIEWS = YES;
				GENERATE_INFOPLIST_FILE = YES;
				INFOPLIST_KEY_UIApplicationSceneManifest_Generation = YES;
				INFOPLIST_KEY_UIApplicationSupportsIndirectInputEvents = YES;
				INFOPLIST_KEY_UILaunchScreen_Generation = YES;
				INFOPLIST_KEY_UISupportedInterfaceOrientations_iPad = "UIInterfaceOrientationPortrait UIInterfaceOrientationPortraitUpsideDown UIInterfaceOrientationLandscapeLeft UIInterfaceOrientationLandscapeRight";
				INFOPLIST_KEY_UISupportedInterfaceOrientations_iPhone = "UIInterfaceOrientationPortrait UIInterfaceOrientationLandscapeLeft UIInterfaceOrientationLandscapeRight";
				IPHONEOS_DEPLOYMENT_TARGET = 16.0;
				LD_RUNPATH_SEARCH_PATHS = (
					"$(inherited)",
					"@executable_path/Frameworks",
				);
				MARKETING_VERSION = 1.0;
				PRODUCT_BUNDLE_IDENTIFIER = com.Zafran.test.BasicSwiftUI;
				PRODUCT_NAME = "$(TARGET_NAME)";
				SWIFT_EMIT_LOC_STRINGS = YES;
				SWIFT_VERSION = 5.0;
				TARGETED_DEVICE_FAMILY = "1,2";
			};
			name = Debug;
		};
		9FC75AB22C1964CA0088E198 /* Release */ = {
			isa = XCBuildConfiguration;
			buildSettings = {
				ASSETCATALOG_COMPILER_APPICON_NAME = AppIcon;
				ASSETCATALOG_COMPILER_GLOBAL_ACCENT_COLOR_NAME = AccentColor;
				CODE_SIGN_STYLE = Automatic;
				CURRENT_PROJECT_VERSION = 1;
				DEVELOPMENT_ASSET_PATHS = "\"BasicSwiftUI/Preview Content\"";
				DEVELOPMENT_TEAM = 979PG3MW97;
				ENABLE_PREVIEWS = YES;
				GENERATE_INFOPLIST_FILE = YES;
				INFOPLIST_KEY_UIApplicationSceneManifest_Generation = YES;
				INFOPLIST_KEY_UIApplicationSupportsIndirectInputEvents = YES;
				INFOPLIST_KEY_UILaunchScreen_Generation = YES;
				INFOPLIST_KEY_UISupportedInterfaceOrientations_iPad = "UIInterfaceOrientationPortrait UIInterfaceOrientationPortraitUpsideDown UIInterfaceOrientationLandscapeLeft UIInterfaceOrientationLandscapeRight";
				INFOPLIST_KEY_UISupportedInterfaceOrientations_iPhone = "UIInterfaceOrientationPortrait UIInterfaceOrientationLandscapeLeft UIInterfaceOrientationLandscapeRight";
				IPHONEOS_DEPLOYMENT_TARGET = 16.0;
				LD_RUNPATH_SEARCH_PATHS = (
					"$(inherited)",
					"@executable_path/Frameworks",
				);
				MARKETING_VERSION = 1.0;
				PRODUCT_BUNDLE_IDENTIFIER = com.Zafran.test.BasicSwiftUI;
				PRODUCT_NAME = "$(TARGET_NAME)";
				SWIFT_EMIT_LOC_STRINGS = YES;
				SWIFT_VERSION = 5.0;
				TARGETED_DEVICE_FAMILY = "1,2";
			};
			name = Release;
		};
		9FC75AB42C1964CA0088E198 /* Debug */ = {
			isa = XCBuildConfiguration;
			buildSettings = {
				ALWAYS_EMBED_SWIFT_STANDARD_LIBRARIES = YES;
				BUNDLE_LOADER = "$(TEST_HOST)";
				CODE_SIGN_STYLE = Automatic;
				CURRENT_PROJECT_VERSION = 1;
				DEVELOPMENT_TEAM = 979PG3MW97;
				GENERATE_INFOPLIST_FILE = YES;
				IPHONEOS_DEPLOYMENT_TARGET = 17.5;
				MARKETING_VERSION = 1.0;
				PRODUCT_BUNDLE_IDENTIFIER = com.Zafran.test.BasicSwiftUITests;
				PRODUCT_NAME = "$(TARGET_NAME)";
				SWIFT_EMIT_LOC_STRINGS = NO;
				SWIFT_VERSION = 5.0;
				TARGETED_DEVICE_FAMILY = "1,2";
				TEST_HOST = "$(BUILT_PRODUCTS_DIR)/BasicSwiftUI.app/$(BUNDLE_EXECUTABLE_FOLDER_PATH)/BasicSwiftUI";
			};
			name = Debug;
		};
		9FC75AB52C1964CA0088E198 /* Release */ = {
			isa = XCBuildConfiguration;
			buildSettings = {
				ALWAYS_EMBED_SWIFT_STANDARD_LIBRARIES = YES;
				BUNDLE_LOADER = "$(TEST_HOST)";
				CODE_SIGN_STYLE = Automatic;
				CURRENT_PROJECT_VERSION = 1;
				DEVELOPMENT_TEAM = 979PG3MW97;
				GENERATE_INFOPLIST_FILE = YES;
				IPHONEOS_DEPLOYMENT_TARGET = 17.5;
				MARKETING_VERSION = 1.0;
				PRODUCT_BUNDLE_IDENTIFIER = com.Zafran.test.BasicSwiftUITests;
				PRODUCT_NAME = "$(TARGET_NAME)";
				SWIFT_EMIT_LOC_STRINGS = NO;
				SWIFT_VERSION = 5.0;
				TARGETED_DEVICE_FAMILY = "1,2";
				TEST_HOST = "$(BUILT_PRODUCTS_DIR)/BasicSwiftUI.app/$(BUNDLE_EXECUTABLE_FOLDER_PATH)/BasicSwiftUI";
			};
			name = Release;
		};
		9FC75AB72C1964CA0088E198 /* Debug */ = {
			isa = XCBuildConfiguration;
			buildSettings = {
				ALWAYS_EMBED_SWIFT_STANDARD_LIBRARIES = YES;
				CODE_SIGN_STYLE = Automatic;
				CURRENT_PROJECT_VERSION = 1;
				DEVELOPMENT_TEAM = 979PG3MW97;
				GENERATE_INFOPLIST_FILE = YES;
				MARKETING_VERSION = 1.0;
				PRODUCT_BUNDLE_IDENTIFIER = com.Zafran.test.BasicSwiftUIUITests;
				PRODUCT_NAME = "$(TARGET_NAME)";
				SWIFT_EMIT_LOC_STRINGS = NO;
				SWIFT_VERSION = 5.0;
				TARGETED_DEVICE_FAMILY = "1,2";
				TEST_TARGET_NAME = BasicSwiftUI;
			};
			name = Debug;
		};
		9FC75AB82C1964CA0088E198 /* Release */ = {
			isa = XCBuildConfiguration;
			buildSettings = {
				ALWAYS_EMBED_SWIFT_STANDARD_LIBRARIES = YES;
				CODE_SIGN_STYLE = Automatic;
				CURRENT_PROJECT_VERSION = 1;
				DEVELOPMENT_TEAM = 979PG3MW97;
				GENERATE_INFOPLIST_FILE = YES;
				MARKETING_VERSION = 1.0;
				PRODUCT_BUNDLE_IDENTIFIER = com.Zafran.test.BasicSwiftUIUITests;
				PRODUCT_NAME = "$(TARGET_NAME)";
				SWIFT_EMIT_LOC_STRINGS = NO;
				SWIFT_VERSION = 5.0;
				TARGETED_DEVICE_FAMILY = "1,2";
				TEST_TARGET_NAME = BasicSwiftUI;
			};
			name = Release;
		};
/* End XCBuildConfiguration section */

/* Begin XCConfigurationList section */
		9FC75A872C1964C90088E198 /* Build configuration list for PBXProject "BasicSwiftUI" */ = {
			isa = XCConfigurationList;
			buildConfigurations = (
				9FC75AAE2C1964CA0088E198 /* Debug */,
				9FC75AAF2C1964CA0088E198 /* Release */,
			);
			defaultConfigurationIsVisible = 0;
			defaultConfigurationName = Release;
		};
		9FC75AB02C1964CA0088E198 /* Build configuration list for PBXNativeTarget "BasicSwiftUI" */ = {
			isa = XCConfigurationList;
			buildConfigurations = (
				9FC75AB12C1964CA0088E198 /* Debug */,
				9FC75AB22C1964CA0088E198 /* Release */,
			);
			defaultConfigurationIsVisible = 0;
			defaultConfigurationName = Release;
		};
		9FC75AB32C1964CA0088E198 /* Build configuration list for PBXNativeTarget "BasicSwiftUITests" */ = {
			isa = XCConfigurationList;
			buildConfigurations = (
				9FC75AB42C1964CA0088E198 /* Debug */,
				9FC75AB52C1964CA0088E198 /* Release */,
			);
			defaultConfigurationIsVisible = 0;
			defaultConfigurationName = Release;
		};
		9FC75AB62C1964CA0088E198 /* Build configuration list for PBXNativeTarget "BasicSwiftUIUITests" */ = {
			isa = XCConfigurationList;
			buildConfigurations = (
				9FC75AB72C1964CA0088E198 /* Debug */,
				9FC75AB82C1964CA0088E198 /* Release */,
			);
			defaultConfigurationIsVisible = 0;
			defaultConfigurationName = Release;
		};
/* End XCConfigurationList section */
	};
	rootObject = 9FC75A842C1964C90088E198 /* Project object */;
}
